schema: '2.0'
stages:
  data_ingestion:
    cmd: python src/cnnClassifier/pipeline/stage_01_data_ingestion.py
    deps:
    - path: config/config.yaml
      hash: md5
      md5: 793a5115abb450add0dc96be405cb151
      size: 653
    - path: src/cnnClassifier/pipeline/stage_01_data_ingestion.py
      hash: md5
      md5: 9044218f6cea09e1caca0732ed0ab903
      size: 997
    outs:
    - path: artifacts/data_ingestion/Chest-CT-Scan-data
      hash: md5
      md5: 904fa45d934ce879b3b1933dca6cb2f1.dir
      size: 49247431
      nfiles: 343
  prepare_base_model:
    cmd: python src/cnnClassifier/pipeline/stage_02_prepare_base_model.py
    deps:
    - path: config/config.yaml
      hash: md5
      md5: 793a5115abb450add0dc96be405cb151
      size: 653
    - path: src/cnnClassifier/pipeline/stage_01_data_ingestion.py
      hash: md5
      md5: 9044218f6cea09e1caca0732ed0ab903
      size: 997
    params:
      params.yaml:
        CLASSES: 2
        IMAGE_SIZE:
        - 224
        - 224
        - 3
        INCLUDE_TOP: false
        LEARNING_RATE: 0.02
        WEIGHT: imagenet
    outs:
    - path: artifacts/prepare_base_model
      hash: md5
      md5: 7486c320e622b91f1c133fadfc545700.dir
      size: 118059248
      nfiles: 2
  training:
    cmd: python src/cnnClassifier/pipeline/stage_03_model_trainer.py
    deps:
    - path: artifacts/data_ingestion/Chest-CT-Scan-data
      hash: md5
      md5: 904fa45d934ce879b3b1933dca6cb2f1.dir
      size: 49247431
      nfiles: 343
    - path: artifacts/prepare_base_model
      hash: md5
      md5: 7486c320e622b91f1c133fadfc545700.dir
      size: 118059248
      nfiles: 2
    - path: config/config.yaml
      hash: md5
      md5: 793a5115abb450add0dc96be405cb151
      size: 653
    - path: src/cnnClassifier/pipeline/stage_03_model_trainer.py
      hash: md5
      md5: dd0eea71d840fbcdc30efee4c8e6aedd
      size: 946
    params:
      params.yaml:
        AUGMENTATION: true
        BATCH_SIZE: 16
        EPOCH: 1
        IMAGE_SIZE:
        - 224
        - 224
        - 3
    outs:
    - path: artifacts/training/model.h5
      hash: md5
      md5: 30b90bcfa8c68703401593d967185842
      size: 59340720
  model_evaluation:
    cmd: python src/cnnClassifier/pipeline/stage_04_model_evaluation_with_mlflow.py
    deps:
    - path: config/config.yaml
      hash: md5
      md5: 793a5115abb450add0dc96be405cb151
      size: 653
    - path: src/cnnClassifier/pipeline/stage_04_model_evaluation_with_mlflow.py
      hash: md5
      md5: 3283cc29bd35be77e52a51c36b67721f
      size: 890
    params:
      params.yaml:
        BATCH_SIZE: 16
        IMAGE_SIZE:
        - 224
        - 224
        - 3
    outs:
    - path: scores.json
      hash: md5
      md5: 7f08c78311c0edc555347296cb1bac2a
      size: 72
